{
  "version": 4,
  "terraform_version": "1.3.6",
  "serial": 1,
  "lineage": "03d543b6-fde0-2e49-1542-1f4ce8e6c82c",
  "outputs": {},
  "resources": [
    {
      "mode": "data",
      "type": "terraform_remote_state",
      "name": "eip",
      "provider": "provider[\"terraform.io/builtin/terraform\"]",
      "instances": [
        {
          "schema_version": 0,
          "attributes": {
            "backend": "s3",
            "config": {
              "value": {
                "bucket": "jasjesin",
                "dynamodb_table": "tfstatelock",
                "key": "creds/terraform.tfstate",
                "region": "us-west-1"
              },
              "type": [
                "object",
                {
                  "bucket": "string",
                  "dynamodb_table": "string",
                  "key": "string",
                  "region": "string"
                }
              ]
            },
            "defaults": null,
            "outputs": {
              "value": {
                "eip1": "54.151.54.153"
              },
              "type": [
                "object",
                {
                  "eip1": "string"
                }
              ]
            },
            "workspace": null
          },
          "sensitive_attributes": []
        }
      ]
    },
    {
      "mode": "managed",
      "type": "aws_security_group",
      "name": "sg1",
      "provider": "provider[\"registry.terraform.io/hashicorp/aws\"]",
      "instances": [
        {
          "schema_version": 1,
          "attributes": {
            "arn": "arn:aws:ec2:us-west-1:048439362064:security-group/sg-05442a8bc63e68051",
            "description": "Managed by Terraform",
            "egress": [
              {
                "cidr_blocks": [
                  "0.0.0.0/0"
                ],
                "description": "",
                "from_port": 0,
                "ipv6_cidr_blocks": [],
                "prefix_list_ids": [],
                "protocol": "tcp",
                "security_groups": [],
                "self": false,
                "to_port": 65535
              }
            ],
            "id": "sg-05442a8bc63e68051",
            "ingress": [
              {
                "cidr_blocks": [
                  "192.168.1.103/32"
                ],
                "description": "",
                "from_port": 22,
                "ipv6_cidr_blocks": [],
                "prefix_list_ids": [],
                "protocol": "tcp",
                "security_groups": [],
                "self": false,
                "to_port": 22
              },
              {
                "cidr_blocks": [
                  "54.151.54.153/32"
                ],
                "description": "",
                "from_port": 443,
                "ipv6_cidr_blocks": [],
                "prefix_list_ids": [],
                "protocol": "tcp",
                "security_groups": [],
                "self": false,
                "to_port": 443
              }
            ],
            "name": "terraform-20230108044806166900000001",
            "name_prefix": "terraform-",
            "owner_id": "048439362064",
            "revoke_rules_on_delete": false,
            "tags": {
              "Name": "jas"
            },
            "tags_all": {
              "Name": "jas"
            },
            "timeouts": null,
            "vpc_id": "vpc-0a5bc48c4fcb2cf65"
          },
          "sensitive_attributes": [],
          "private": "eyJlMmJmYjczMC1lY2FhLTExZTYtOGY4OC0zNDM2M2JjN2M0YzAiOnsiY3JlYXRlIjo2MDAwMDAwMDAwMDAsImRlbGV0ZSI6OTAwMDAwMDAwMDAwfSwic2NoZW1hX3ZlcnNpb24iOiIxIn0=",
          "dependencies": [
            "data.terraform_remote_state.eip"
          ]
        }
      ]
    }
  ],
  "check_results": null
}
